Microsoft Visual Studio Solution File, Format Version 12.00
# Visual Studio Version 17
VisualStudioVersion = 17.0.31903.59
MinimumVisualStudioVersion = 10.0.40219.1
Project("{FAE04EC0-301F-11D3-BF4B-00C04F79EFBC}") = "MoongateCore", "MoongateCore\MoongateCore.csproj", "{6A1B4A4E-2A07-4F2A-9C3B-D5E8F1A0C001}"
EndProject
Project("{FAE04EC0-301F-11D3-BF4B-00C04F79EFBC}") = "MoongateCore.Tests", "MoongateCore.Tests\MoongateCore.Tests.csproj", "{6A1B4A4E-2A07-4F2A-9C3B-D5E8F1A0C002}"
EndProject
Project("{FAE04EC0-301F-11D3-BF4B-00C04F79EFBC}") = "MoongateApp", "MoongateApp\MoongateApp.csproj", "{6A1B4A4E-2A07-4F2A-9C3B-D5E8F1A0C003}"
EndProject
Project("{FAE04EC0-301F-11D3-BF4B-00C04F79EFBC}") = "MoongateApp.Tests", "MoongateApp.Tests\MoongateApp.Tests.csproj", "{6A1B4A4E-2A07-4F2A-9C3B-D5E8F1A0C004}"
EndProject
Global
	GlobalSection(SolutionConfigurationPlatforms) = preSolution
		Debug|Any CPU = Debug|Any CPU
		Release|Any CPU = Release|Any CPU
	EndGlobalSection
	GlobalSection(ProjectConfigurationPlatforms) = postSolution
		{6A1B4A4E-2A07-4F2A-9C3B-D5E8F1A0C001}.Debug|Any CPU.ActiveCfg = Debug|Any CPU
		{6A1B4A4E-2A07-4F2A-9C3B-D5E8F1A0C001}.Debug|Any CPU.Build.0 = Debug|Any CPU
		{6A1B4A4E-2A07-4F2A-9C3B-D5E8F1A0C001}.Release|Any CPU.ActiveCfg = Release|Any CPU
		{6A1B4A4E-2A07-4F2A-9C3B-D5E8F1A0C001}.Release|Any CPU.Build.0 = Release|Any CPU
		{6A1B4A4E-2A07-4F2A-9C3B-D5E8F1A0C002}.Debug|Any CPU.ActiveCfg = Debug|Any CPU
		{6A1B4A4E-2A07-4F2A-9C3B-D5E8F1A0C002}.Debug|Any CPU.Build.0 = Debug|Any CPU
		{6A1B4A4E-2A07-4F2A-9C3B-D5E8F1A0C002}.Release|Any CPU.ActiveCfg = Release|Any CPU
		{6A1B4A4E-2A07-4F2A-9C3B-D5E8F1A0C002}.Release|Any CPU.Build.0 = Release|Any CPU
		{6A1B4A4E-2A07-4F2A-9C3B-D5E8F1A0C003}.Debug|Any CPU.ActiveCfg = Debug|Any CPU
		{6A1B4A4E-2A07-4F2A-9C3B-D5E8F1A0C003}.Debug|Any CPU.Build.0 = Debug|Any CPU
		{6A1B4A4E-2A07-4F2A-9C3B-D5E8F1A0C003}.Release|Any CPU.ActiveCfg = Release|Any CPU
		{6A1B4A4E-2A07-4F2A-9C3B-D5E8F1A0C003}.Release|Any CPU.Build.0 = Release|Any CPU
		{6A1B4A4E-2A07-4F2A-9C3B-D5E8F1A0C004}.Debug|Any CPU.ActiveCfg = Debug|Any CPU
		{6A1B4A4E-2A07-4F2A-9C3B-D5E8F1A0C004}.Debug|Any CPU.Build.0 = Debug|Any CPU
		{6A1B4A4E-2A07-4F2A-9C3B-D5E8F1A0C004}.Release|Any CPU.ActiveCfg = Release|Any CPU
		{6A1B4A4E-2A07-4F2A-9C3B-D5E8F1A0C004}.Release|Any CPU.Build.0 = Release|Any CPU
	EndGlobalSection
	GlobalSection(SolutionProperties) = preSolution
		HideSolutionNode = FALSE
	EndGlobalSection
EndGlobal
