// !$*UTF8*$!
{
	archiveVersion = 1;
	classes = {
	};
	objectVersion = 56;
	objects = {

/* Begin PBXBuildFile section */
		111111111111111111111101 /* MoongateiOSApp.swift in Sources */ = {isa = PBXBuildFile; fileRef = 111111111111111111111201 /* MoongateiOSApp.swift */; };
		111111111111111111111102 /* MoongateiOS in Frameworks */ = {isa = PBXBuildFile; productRef = 111111111111111111111501 /* MoongateiOS */; };
		111111111111111111111103 /* IOSKeychainCredentialStoreIntegrationTests.swift in Sources */ = {isa = PBXBuildFile; fileRef = 111111111111111111111204 /* IOSKeychainCredentialStoreIntegrationTests.swift */; };
		111111111111111111111104 /* MoongateiOS in Frameworks */ = {isa = PBXBuildFile; productRef = 111111111111111111111503 /* MoongateiOS */; };
		111111111111111111111105 /* MoongateMobileCore in Frameworks */ = {isa = PBXBuildFile; productRef = 111111111111111111111504 /* MoongateMobileCore */; };
/* End PBXBuildFile section */

/* Begin PBXContainerItemProxy section */
		111111111111111111111611 /* PBXContainerItemProxy */ = {
			isa = PBXContainerItemProxy;
			containerPortal = 111111111111111111111901 /* Project object */;
			proxyType = 1;
			remoteGlobalIDString = 111111111111111111111601;
			remoteInfo = MoongateiOSApp;
		};
/* End PBXContainerItemProxy section */

/* Begin PBXFileReference section */
		111111111111111111111201 /* MoongateiOSApp.swift */ = {isa = PBXFileReference; lastKnownFileType = sourcecode.swift; path = MoongateiOSApp.swift; sourceTree = "<group>"; };
		111111111111111111111202 /* Info.plist */ = {isa = PBXFileReference; lastKnownFileType = text.plist.xml; path = Info.plist; sourceTree = "<group>"; };
		111111111111111111111203 /* MoongateiOSApp.app */ = {isa = PBXFileReference; explicitFileType = wrapper.application; includeInIndex = 0; path = MoongateiOSApp.app; sourceTree = BUILT_PRODUCTS_DIR; };
		111111111111111111111204 /* IOSKeychainCredentialStoreIntegrationTests.swift */ = {isa = PBXFileReference; lastKnownFileType = sourcecode.swift; path = IOSKeychainCredentialStoreIntegrationTests.swift; sourceTree = "<group>"; };
		111111111111111111111205 /* MoongateiOSAppTests.xctest */ = {isa = PBXFileReference; explicitFileType = wrapper.cfbundle; includeInIndex = 0; path = MoongateiOSAppTests.xctest; sourceTree = BUILT_PRODUCTS_DIR; };
/* End PBXFileReference section */

/* Begin PBXFrameworksBuildPhase section */
		111111111111111111111301 /* Frameworks */ = {
			isa = PBXFrameworksBuildPhase;
			buildActionMask = 2147483647;
			files = (
				111111111111111111111102 /* MoongateiOS in Frameworks */,
			);
			runOnlyForDeploymentPostprocessing = 0;
		};
		111111111111111111111302 /* Frameworks */ = {
			isa = PBXFrameworksBuildPhase;
			buildActionMask = 2147483647;
			files = (
				111111111111111111111104 /* MoongateiOS in Frameworks */,
				111111111111111111111105 /* MoongateMobileCore in Frameworks */,
			);
			runOnlyForDeploymentPostprocessing = 0;
		};
/* End PBXFrameworksBuildPhase section */

/* Begin PBXGroup section */
		111111111111111111111401 = {
			isa = PBXGroup;
			children = (
				111111111111111111111402 /* MoongateiOS */,
				111111111111111111111404 /* MoongateiOSAppTests */,
				111111111111111111111403 /* Products */,
			);
			sourceTree = "<group>";
		};
		111111111111111111111402 /* MoongateiOS */ = {
			isa = PBXGroup;
			children = (
				111111111111111111111201 /* MoongateiOSApp.swift */,
				111111111111111111111202 /* Info.plist */,
			);
			path = MoongateiOS;
			sourceTree = "<group>";
		};
		111111111111111111111403 /* Products */ = {
			isa = PBXGroup;
			children = (
				111111111111111111111203 /* MoongateiOSApp.app */,
				111111111111111111111205 /* MoongateiOSAppTests.xctest */,
			);
			name = Products;
			sourceTree = "<group>";
		};
		111111111111111111111404 /* MoongateiOSAppTests */ = {
			isa = PBXGroup;
			children = (
				111111111111111111111204 /* IOSKeychainCredentialStoreIntegrationTests.swift */,
			);
			path = MoongateiOSAppTests;
			sourceTree = "<group>";
		};
/* End PBXGroup section */

/* Begin PBXNativeTarget section */
		111111111111111111111601 /* MoongateiOSApp */ = {
			isa = PBXNativeTarget;
			buildConfigurationList = 111111111111111111111701 /* Build configuration list for PBXNativeTarget "MoongateiOSApp" */;
			buildPhases = (
				111111111111111111111801 /* Sources */,
				111111111111111111111301 /* Frameworks */,
			);
			buildRules = (
			);
			dependencies = (
			);
			name = MoongateiOSApp;
			packageProductDependencies = (
				111111111111111111111501 /* MoongateiOS */,
			);
			productName = MoongateiOSApp;
			productReference = 111111111111111111111203 /* MoongateiOSApp.app */;
			productType = "com.apple.product-type.application";
		};
		111111111111111111111602 /* MoongateiOSAppTests */ = {
			isa = PBXNativeTarget;
			buildConfigurationList = 111111111111111111111703 /* Build configuration list for PBXNativeTarget "MoongateiOSAppTests" */;
			buildPhases = (
				111111111111111111111802 /* Sources */,
				111111111111111111111302 /* Frameworks */,
			);
			buildRules = (
			);
			dependencies = (
				111111111111111111111612 /* PBXTargetDependency */,
			);
			name = MoongateiOSAppTests;
			packageProductDependencies = (
				111111111111111111111503 /* MoongateiOS */,
				111111111111111111111504 /* MoongateMobileCore */,
			);
			productName = MoongateiOSAppTests;
			productReference = 111111111111111111111205 /* MoongateiOSAppTests.xctest */;
			productType = "com.apple.product-type.bundle.unit-test";
		};
/* End PBXNativeTarget section */

/* Begin PBXProject section */
		111111111111111111111901 /* Project object */ = {
			isa = PBXProject;
			attributes = {
				BuildIndependentTargetsInParallel = 1;
				LastSwiftUpdateCheck = 2650;
				LastUpgradeCheck = 2650;
				TargetAttributes = {
					111111111111111111111601 = {
						CreatedOnToolsVersion = 26.5;
					};
					111111111111111111111602 = {
						CreatedOnToolsVersion = 26.5;
					};
				};
			};
			buildConfigurationList = 111111111111111111111702 /* Build configuration list for PBXProject "MoongateiOSApp" */;
			compatibilityVersion = "Xcode 14.0";
			developmentRegion = en;
			hasScannedForEncodings = 0;
			knownRegions = (
				en,
				Base,
			);
			mainGroup = 111111111111111111111401;
			packageReferences = (
				111111111111111111111502 /* XCLocalSwiftPackageReference "../" */,
			);
			productRefGroup = 111111111111111111111403 /* Products */;
			projectDirPath = "";
			projectRoot = "";
			targets = (
				111111111111111111111601 /* MoongateiOSApp */,
				111111111111111111111602 /* MoongateiOSAppTests */,
			);
		};
/* End PBXProject section */

/* Begin PBXSourcesBuildPhase section */
		111111111111111111111801 /* Sources */ = {
			isa = PBXSourcesBuildPhase;
			buildActionMask = 2147483647;
			files = (
				111111111111111111111101 /* MoongateiOSApp.swift in Sources */,
			);
			runOnlyForDeploymentPostprocessing = 0;
		};
		111111111111111111111802 /* Sources */ = {
			isa = PBXSourcesBuildPhase;
			buildActionMask = 2147483647;
			files = (
				111111111111111111111103 /* IOSKeychainCredentialStoreIntegrationTests.swift in Sources */,
			);
			runOnlyForDeploymentPostprocessing = 0;
		};
/* End PBXSourcesBuildPhase section */

/* Begin PBXTargetDependency section */
		111111111111111111111612 /* PBXTargetDependency */ = {
			isa = PBXTargetDependency;
			target = 111111111111111111111601 /* MoongateiOSApp */;
			targetProxy = 111111111111111111111611 /* PBXContainerItemProxy */;
		};
/* End PBXTargetDependency section */

/* Begin XCBuildConfiguration section */
		111111111111111111112001 /* Debug */ = {
			isa = XCBuildConfiguration;
			buildSettings = {
				ALWAYS_SEARCH_USER_PATHS = NO;
				ASSETCATALOG_COMPILER_APPICON_NAME = "";
				CLANG_ANALYZER_NONNULL = YES;
				CLANG_ANALYZER_NUMBER_OBJECT_CONVERSION = YES_AGGRESSIVE;
				CLANG_CXX_LANGUAGE_STANDARD = "gnu++20";
				CLANG_ENABLE_MODULES = YES;
				CLANG_ENABLE_OBJC_ARC = YES;
				CLANG_WARN_BLOCK_CAPTURE_AUTORELEASING = YES;
				CLANG_WARN_BOOL_CONVERSION = YES;
				CLANG_WARN_COMMA = YES;
				CLANG_WARN_CONSTANT_CONVERSION = YES;
				CLANG_WARN_DEPRECATED_OBJC_IMPLEMENTATIONS = YES;
				CLANG_WARN_DIRECT_OBJC_ISA_USAGE = YES_ERROR;
				CLANG_WARN_DOCUMENTATION_COMMENTS = YES;
				CLANG_WARN_EMPTY_BODY = YES;
				CLANG_WARN_ENUM_CONVERSION = YES;
				CLANG_WARN_INFINITE_RECURSION = YES;
				CLANG_WARN_INT_CONVERSION = YES;
				CLANG_WARN_NON_LITERAL_NULL_CONVERSION = YES;
				CLANG_WARN_OBJC_IMPLICIT_RETAIN_SELF = YES;
				CLANG_WARN_OBJC_LITERAL_CONVERSION = YES;
				CLANG_WARN_OBJC_ROOT_CLASS = YES_ERROR;
				CLANG_WARN_QUOTED_INCLUDE_IN_FRAMEWORK_HEADER = YES;
				CLANG_WARN_RANGE_LOOP_ANALYSIS = YES;
				CLANG_WARN_STRICT_PROTOTYPES = YES;
				CLANG_WARN_SUSPICIOUS_MOVE = YES;
				CLANG_WARN_UNGUARDED_AVAILABILITY = YES_AGGRESSIVE;
				CLANG_WARN_UNREACHABLE_CODE = YES;
				CLANG_WARN__DUPLICATE_METHOD_MATCH = YES;
				COPY_PHASE_STRIP = NO;
				DEBUG_INFORMATION_FORMAT = dwarf;
				ENABLE_STRICT_OBJC_MSGSEND = YES;
				ENABLE_TESTABILITY = YES;
				GCC_C_LANGUAGE_STANDARD = gnu17;
				GCC_DYNAMIC_NO_PIC = NO;
				GCC_NO_COMMON_BLOCKS = YES;
				GCC_OPTIMIZATION_LEVEL = 0;
				GCC_PREPROCESSOR_DEFINITIONS = (
					"DEBUG=1",
					"$(inherited)",
				);
				GCC_WARN_64_TO_32_BIT_CONVERSION = YES;
				GCC_WARN_ABOUT_RETURN_TYPE = YES_ERROR;
				GCC_WARN_UNDECLARED_SELECTOR = YES;
				GCC_WARN_UNINITIALIZED_AUTOS = YES_AGGRESSIVE;
				GCC_WARN_UNUSED_FUNCTION = YES;
				GCC_WARN_UNUSED_VARIABLE = YES;
				IPHONEOS_DEPLOYMENT_TARGET = 17.0;
				MTL_ENABLE_DEBUG_INFO = INCLUDE_SOURCE;
				MTL_FAST_MATH = YES;
				ONLY_ACTIVE_ARCH = YES;
				SDKROOT = iphoneos;
				SWIFT_ACTIVE_COMPILATION_CONDITIONS = DEBUG;
				SWIFT_OPTIMIZATION_LEVEL = "-Onone";
			};
			name = Debug;
		};
		111111111111111111112002 /* Release */ = {
			isa = XCBuildConfiguration;
			buildSettings = {
				ALWAYS_SEARCH_USER_PATHS = NO;
				ASSETCATALOG_COMPILER_APPICON_NAME = "";
				CLANG_ANALYZER_NONNULL = YES;
				CLANG_ANALYZER_NUMBER_OBJECT_CONVERSION = YES_AGGRESSIVE;
				CLANG_CXX_LANGUAGE_STANDARD = "gnu++20";
				CLANG_ENABLE_MODULES = YES;
				CLANG_ENABLE_OBJC_ARC = YES;
				CLANG_WARN_BLOCK_CAPTURE_AUTORELEASING = YES;
				CLANG_WARN_BOOL_CONVERSION = YES;
				CLANG_WARN_COMMA = YES;
				CLANG_WARN_CONSTANT_CONVERSION = YES;
				CLANG_WARN_DEPRECATED_OBJC_IMPLEMENTATIONS = YES;
				CLANG_WARN_DIRECT_OBJC_ISA_USAGE = YES_ERROR;
				CLANG_WARN_DOCUMENTATION_COMMENTS = YES;
				CLANG_WARN_EMPTY_BODY = YES;
				CLANG_WARN_ENUM_CONVERSION = YES;
				CLANG_WARN_INFINITE_RECURSION = YES;
				CLANG_WARN_INT_CONVERSION = YES;
				CLANG_WARN_NON_LITERAL_NULL_CONVERSION = YES;
				CLANG_WARN_OBJC_IMPLICIT_RETAIN_SELF = YES;
				CLANG_WARN_OBJC_LITERAL_CONVERSION = YES;
				CLANG_WARN_OBJC_ROOT_CLASS = YES_ERROR;
				CLANG_WARN_QUOTED_INCLUDE_IN_FRAMEWORK_HEADER = YES;
				CLANG_WARN_RANGE_LOOP_ANALYSIS = YES;
				CLANG_WARN_STRICT_PROTOTYPES = YES;
				CLANG_WARN_SUSPICIOUS_MOVE = YES;
				CLANG_WARN_UNGUARDED_AVAILABILITY = YES_AGGRESSIVE;
				CLANG_WARN_UNREACHABLE_CODE = YES;
				CLANG_WARN__DUPLICATE_METHOD_MATCH = YES;
				COPY_PHASE_STRIP = NO;
				DEBUG_INFORMATION_FORMAT = "dwarf-with-dsym";
				ENABLE_NS_ASSERTIONS = NO;
				ENABLE_STRICT_OBJC_MSGSEND = YES;
				GCC_C_LANGUAGE_STANDARD = gnu17;
				GCC_NO_COMMON_BLOCKS = YES;
				GCC_WARN_64_TO_32_BIT_CONVERSION = YES;
				GCC_WARN_ABOUT_RETURN_TYPE = YES_ERROR;
				GCC_WARN_UNDECLARED_SELECTOR = YES;
				GCC_WARN_UNINITIALIZED_AUTOS = YES_AGGRESSIVE;
				GCC_WARN_UNUSED_FUNCTION = YES;
				GCC_WARN_UNUSED_VARIABLE = YES;
				IPHONEOS_DEPLOYMENT_TARGET = 17.0;
				MTL_ENABLE_DEBUG_INFO = NO;
				MTL_FAST_MATH = YES;
				SDKROOT = iphoneos;
				SWIFT_COMPILATION_MODE = wholemodule;
				SWIFT_OPTIMIZATION_LEVEL = "-O";
				VALIDATE_PRODUCT = YES;
			};
			name = Release;
		};
		111111111111111111112003 /* Debug */ = {
			isa = XCBuildConfiguration;
			buildSettings = {
				CODE_SIGN_IDENTITY = "";
				CODE_SIGN_STYLE = Manual;
				CURRENT_PROJECT_VERSION = 1;
				DEVELOPMENT_TEAM = "";
				GENERATE_INFOPLIST_FILE = NO;
				INFOPLIST_FILE = MoongateiOS/Info.plist;
				IPHONEOS_DEPLOYMENT_TARGET = 17.0;
				MARKETING_VERSION = 0.1;
				PRODUCT_BUNDLE_IDENTIFIER = "$(MOONGATE_IOS_BUNDLE_IDENTIFIER)";
				PRODUCT_NAME = "$(TARGET_NAME)";
				SUPPORTED_PLATFORMS = "iphoneos iphonesimulator";
				SUPPORTS_MACCATALYST = NO;
				SWIFT_VERSION = 5.0;
				TARGETED_DEVICE_FAMILY = "1,2";
				MOONGATE_IOS_BUNDLE_IDENTIFIER = com.local.videodownloader.ios;
			};
			name = Debug;
		};
		111111111111111111112004 /* Release */ = {
			isa = XCBuildConfiguration;
			buildSettings = {
				CODE_SIGN_IDENTITY = "";
				CODE_SIGN_STYLE = Manual;
				CURRENT_PROJECT_VERSION = 1;
				DEVELOPMENT_TEAM = "";
				GENERATE_INFOPLIST_FILE = NO;
				INFOPLIST_FILE = MoongateiOS/Info.plist;
				IPHONEOS_DEPLOYMENT_TARGET = 17.0;
				MARKETING_VERSION = 0.1;
				PRODUCT_BUNDLE_IDENTIFIER = "$(MOONGATE_IOS_BUNDLE_IDENTIFIER)";
				PRODUCT_NAME = "$(TARGET_NAME)";
				SUPPORTED_PLATFORMS = "iphoneos iphonesimulator";
				SUPPORTS_MACCATALYST = NO;
				SWIFT_VERSION = 5.0;
				TARGETED_DEVICE_FAMILY = "1,2";
				MOONGATE_IOS_BUNDLE_IDENTIFIER = com.local.videodownloader.ios;
			};
			name = Release;
		};
		111111111111111111112005 /* Debug */ = {
			isa = XCBuildConfiguration;
			buildSettings = {
				BUNDLE_LOADER = "$(TEST_HOST)";
				CODE_SIGN_IDENTITY = "";
				CODE_SIGN_STYLE = Manual;
				DEVELOPMENT_TEAM = "";
				GENERATE_INFOPLIST_FILE = YES;
				IPHONEOS_DEPLOYMENT_TARGET = 17.0;
				LD_RUNPATH_SEARCH_PATHS = (
					"$(inherited)",
					"@executable_path/Frameworks",
					"@loader_path/Frameworks",
				);
				PRODUCT_BUNDLE_IDENTIFIER = "$(MOONGATE_IOS_BUNDLE_IDENTIFIER).tests";
				PRODUCT_NAME = "$(TARGET_NAME)";
				SUPPORTED_PLATFORMS = "iphoneos iphonesimulator";
				SUPPORTS_MACCATALYST = NO;
				SWIFT_VERSION = 5.0;
				TARGETED_DEVICE_FAMILY = "1,2";
				TEST_HOST = "$(BUILT_PRODUCTS_DIR)/MoongateiOSApp.app/$(BUNDLE_EXECUTABLE_FOLDER_PATH)/MoongateiOSApp";
				MOONGATE_IOS_BUNDLE_IDENTIFIER = com.local.videodownloader.ios;
			};
			name = Debug;
		};
		111111111111111111112006 /* Release */ = {
			isa = XCBuildConfiguration;
			buildSettings = {
				BUNDLE_LOADER = "$(TEST_HOST)";
				CODE_SIGN_IDENTITY = "";
				CODE_SIGN_STYLE = Manual;
				DEVELOPMENT_TEAM = "";
				GENERATE_INFOPLIST_FILE = YES;
				IPHONEOS_DEPLOYMENT_TARGET = 17.0;
				LD_RUNPATH_SEARCH_PATHS = (
					"$(inherited)",
					"@executable_path/Frameworks",
					"@loader_path/Frameworks",
				);
				PRODUCT_BUNDLE_IDENTIFIER = "$(MOONGATE_IOS_BUNDLE_IDENTIFIER).tests";
				PRODUCT_NAME = "$(TARGET_NAME)";
				SUPPORTED_PLATFORMS = "iphoneos iphonesimulator";
				SUPPORTS_MACCATALYST = NO;
				SWIFT_VERSION = 5.0;
				TARGETED_DEVICE_FAMILY = "1,2";
				TEST_HOST = "$(BUILT_PRODUCTS_DIR)/MoongateiOSApp.app/$(BUNDLE_EXECUTABLE_FOLDER_PATH)/MoongateiOSApp";
				MOONGATE_IOS_BUNDLE_IDENTIFIER = com.local.videodownloader.ios;
			};
			name = Release;
		};
/* End XCBuildConfiguration section */

/* Begin XCConfigurationList section */
		111111111111111111111701 /* Build configuration list for PBXNativeTarget "MoongateiOSApp" */ = {
			isa = XCConfigurationList;
			buildConfigurations = (
				111111111111111111112003 /* Debug */,
				111111111111111111112004 /* Release */,
			);
			defaultConfigurationIsVisible = 0;
			defaultConfigurationName = Debug;
		};
		111111111111111111111702 /* Build configuration list for PBXProject "MoongateiOSApp" */ = {
			isa = XCConfigurationList;
			buildConfigurations = (
				111111111111111111112001 /* Debug */,
				111111111111111111112002 /* Release */,
			);
			defaultConfigurationIsVisible = 0;
			defaultConfigurationName = Debug;
		};
		111111111111111111111703 /* Build configuration list for PBXNativeTarget "MoongateiOSAppTests" */ = {
			isa = XCConfigurationList;
			buildConfigurations = (
				111111111111111111112005 /* Debug */,
				111111111111111111112006 /* Release */,
			);
			defaultConfigurationIsVisible = 0;
			defaultConfigurationName = Debug;
		};
/* End XCConfigurationList section */

/* Begin XCLocalSwiftPackageReference section */
		111111111111111111111502 /* XCLocalSwiftPackageReference "../" */ = {
			isa = XCLocalSwiftPackageReference;
			relativePath = ..;
		};
/* End XCLocalSwiftPackageReference section */

/* Begin XCSwiftPackageProductDependency section */
		111111111111111111111501 /* MoongateiOS */ = {
			isa = XCSwiftPackageProductDependency;
			package = 111111111111111111111502 /* XCLocalSwiftPackageReference "../" */;
			productName = MoongateiOS;
		};
		111111111111111111111503 /* MoongateiOS */ = {
			isa = XCSwiftPackageProductDependency;
			package = 111111111111111111111502 /* XCLocalSwiftPackageReference "../" */;
			productName = MoongateiOS;
		};
		111111111111111111111504 /* MoongateMobileCore */ = {
			isa = XCSwiftPackageProductDependency;
			package = 111111111111111111111502 /* XCLocalSwiftPackageReference "../" */;
			productName = MoongateMobileCore;
		};
/* End XCSwiftPackageProductDependency section */
	};
	rootObject = 111111111111111111111901 /* Project object */;
}
